
Microsoft Visual Studio Solution File, Format Version 12.00
# Visual Studio Version 16
VisualStudioVersion = 16.0.29728.190
MinimumVisualStudioVersion = 10.0.40219.1
Project("{2150E333-8FDC-42A3-9474-1A3956D46DE8}") = "src", "src", "{7E36E5EE-4572-4FFA-B353-00A32BE9DE2D}"
EndProject
Project("{2150E333-8FDC-42A3-9474-1A3956D46DE8}") = "tests", "tests", "{28FF2C08-D148-438E-BCEA-368B803614F1}"
EndProject
Project("{2150E333-8FDC-42A3-9474-1A3956D46DE8}") = "1 - API", "1 - API", "{2112D273-B6E4-4F30-A7D8-30F0B61F2CD0}"
EndProject
Project("{2150E333-8FDC-42A3-9474-1A3956D46DE8}") = "2 - Application", "2 - Application", "{09FA5308-D941-4E76-A2A6-F129FC192893}"
EndProject
Project("{2150E333-8FDC-42A3-9474-1A3956D46DE8}") = "3 - Domain", "3 - Domain", "{ABAB31BE-89C4-45C6-BE9F-91CCCB880A5C}"
EndProject
Project("{2150E333-8FDC-42A3-9474-1A3956D46DE8}") = "4 - Infra", "4 - Infra", "{040D1CC1-4437-4988-AE63-DE53859BA9C4}"
EndProject
Project("{2150E333-8FDC-42A3-9474-1A3956D46DE8}") = "5 - Common", "5 - Common", "{3104071E-A917-491C-8CDB-DEB506FA0D38}"
EndProject
Project("{FAE04EC0-301F-11D3-BF4B-00C04F79EFBC}") = "MEO.API", "src\MEO.API\MEO.API.csproj", "{00D43F96-0F05-4B7C-BA30-0053FA9EE383}"
EndProject
Project("{FAE04EC0-301F-11D3-BF4B-00C04F79EFBC}") = "MEO.Application", "src\MEO.Application\MEO.Application.csproj", "{6EB84F65-45CC-4C86-BAFE-9B8E3DA0786D}"
EndProject
Project("{FAE04EC0-301F-11D3-BF4B-00C04F79EFBC}") = "MEO.Domain", "src\MEO.Domain\MEO.Domain.csproj", "{61DB6F5A-5D2A-4217-8C01-780111CC8B7F}"
EndProject
Project("{FAE04EC0-301F-11D3-BF4B-00C04F79EFBC}") = "MEO.Infra", "src\MEO.Infra\MEO.Infra.csproj", "{794773F9-2023-4C04-BEAB-3FD841A14907}"
EndProject
Project("{FAE04EC0-301F-11D3-BF4B-00C04F79EFBC}") = "MEO.Common", "src\MEO.Common\MEO.Common.csproj", "{8C3C6AA4-59D2-4916-A0B3-BFE320FB01AA}"
EndProject
Project("{FAE04EC0-301F-11D3-BF4B-00C04F79EFBC}") = "MEO.UnitTests", "tests\MEO.UnitTests\MEO.UnitTests.csproj", "{5D9D0E3D-5A6E-44AD-A4AA-AC6A2B90D3DF}"
EndProject
Global
	GlobalSection(SolutionConfigurationPlatforms) = preSolution
		Debug|Any CPU = Debug|Any CPU
		Release|Any CPU = Release|Any CPU
	EndGlobalSection
	GlobalSection(ProjectConfigurationPlatforms) = postSolution
		{00D43F96-0F05-4B7C-BA30-0053FA9EE383}.Debug|Any CPU.ActiveCfg = Debug|Any CPU
		{00D43F96-0F05-4B7C-BA30-0053FA9EE383}.Debug|Any CPU.Build.0 = Debug|Any CPU
		{00D43F96-0F05-4B7C-BA30-0053FA9EE383}.Release|Any CPU.ActiveCfg = Release|Any CPU
		{00D43F96-0F05-4B7C-BA30-0053FA9EE383}.Release|Any CPU.Build.0 = Release|Any CPU
		{6EB84F65-45CC-4C86-BAFE-9B8E3DA0786D}.Debug|Any CPU.ActiveCfg = Debug|Any CPU
		{6EB84F65-45CC-4C86-BAFE-9B8E3DA0786D}.Debug|Any CPU.Build.0 = Debug|Any CPU
		{6EB84F65-45CC-4C86-BAFE-9B8E3DA0786D}.Release|Any CPU.ActiveCfg = Release|Any CPU
		{6EB84F65-45CC-4C86-BAFE-9B8E3DA0786D}.Release|Any CPU.Build.0 = Release|Any CPU
		{61DB6F5A-5D2A-4217-8C01-780111CC8B7F}.Debug|Any CPU.ActiveCfg = Debug|Any CPU
		{61DB6F5A-5D2A-4217-8C01-780111CC8B7F}.Debug|Any CPU.Build.0 = Debug|Any CPU
		{61DB6F5A-5D2A-4217-8C01-780111CC8B7F}.Release|Any CPU.ActiveCfg = Release|Any CPU
		{61DB6F5A-5D2A-4217-8C01-780111CC8B7F}.Release|Any CPU.Build.0 = Release|Any CPU
		{794773F9-2023-4C04-BEAB-3FD841A14907}.Debug|Any CPU.ActiveCfg = Debug|Any CPU
		{794773F9-2023-4C04-BEAB-3FD841A14907}.Debug|Any CPU.Build.0 = Debug|Any CPU
		{794773F9-2023-4C04-BEAB-3FD841A14907}.Release|Any CPU.ActiveCfg = Release|Any CPU
		{794773F9-2023-4C04-BEAB-3FD841A14907}.Release|Any CPU.Build.0 = Release|Any CPU
		{8C3C6AA4-59D2-4916-A0B3-BFE320FB01AA}.Debug|Any CPU.ActiveCfg = Debug|Any CPU
		{8C3C6AA4-59D2-4916-A0B3-BFE320FB01AA}.Debug|Any CPU.Build.0 = Debug|Any CPU
		{8C3C6AA4-59D2-4916-A0B3-BFE320FB01AA}.Release|Any CPU.ActiveCfg = Release|Any CPU
		{8C3C6AA4-59D2-4916-A0B3-BFE320FB01AA}.Release|Any CPU.Build.0 = Release|Any CPU
		{5D9D0E3D-5A6E-44AD-A4AA-AC6A2B90D3DF}.Debug|Any CPU.ActiveCfg = Debug|Any CPU
		{5D9D0E3D-5A6E-44AD-A4AA-AC6A2B90D3DF}.Debug|Any CPU.Build.0 = Debug|Any CPU
		{5D9D0E3D-5A6E-44AD-A4AA-AC6A2B90D3DF}.Release|Any CPU.ActiveCfg = Release|Any CPU
		{5D9D0E3D-5A6E-44AD-A4AA-AC6A2B90D3DF}.Release|Any CPU.Build.0 = Release|Any CPU
	EndGlobalSection
	GlobalSection(SolutionProperties) = preSolution
		HideSolutionNode = FALSE
	EndGlobalSection
	GlobalSection(NestedProjects) = preSolution
		{2112D273-B6E4-4F30-A7D8-30F0B61F2CD0} = {7E36E5EE-4572-4FFA-B353-00A32BE9DE2D}
		{09FA5308-D941-4E76-A2A6-F129FC192893} = {7E36E5EE-4572-4FFA-B353-00A32BE9DE2D}
		{ABAB31BE-89C4-45C6-BE9F-91CCCB880A5C} = {7E36E5EE-4572-4FFA-B353-00A32BE9DE2D}
		{040D1CC1-4437-4988-AE63-DE53859BA9C4} = {7E36E5EE-4572-4FFA-B353-00A32BE9DE2D}
		{3104071E-A917-491C-8CDB-DEB506FA0D38} = {7E36E5EE-4572-4FFA-B353-00A32BE9DE2D}
		{00D43F96-0F05-4B7C-BA30-0053FA9EE383} = {2112D273-B6E4-4F30-A7D8-30F0B61F2CD0}
		{6EB84F65-45CC-4C86-BAFE-9B8E3DA0786D} = {09FA5308-D941-4E76-A2A6-F129FC192893}
		{61DB6F5A-5D2A-4217-8C01-780111CC8B7F} = {ABAB31BE-89C4-45C6-BE9F-91CCCB880A5C}
		{794773F9-2023-4C04-BEAB-3FD841A14907} = {040D1CC1-4437-4988-AE63-DE53859BA9C4}
		{8C3C6AA4-59D2-4916-A0B3-BFE320FB01AA} = {3104071E-A917-491C-8CDB-DEB506FA0D38}
		{5D9D0E3D-5A6E-44AD-A4AA-AC6A2B90D3DF} = {28FF2C08-D148-438E-BCEA-368B803614F1}
	EndGlobalSection
	GlobalSection(ExtensibilityGlobals) = postSolution
		SolutionGuid = {EB19AC2A-BDB6-472C-9236-6CC9CE4036A6}
	EndGlobalSection
EndGlobal
